
Microsoft Visual Studio Solution File, Format Version 12.00
# Visual Studio 15
VisualStudioVersion = 15.0.28307.168
MinimumVisualStudioVersion = 10.0.40219.1
Project("{9A19103F-16F7-4668-BE54-9A1E7A4F7556}") = "Web", "Web\Web.csproj", "{BDA796C5-A4C3-4C62-A0F1-79CA24217946}"
EndProject
Project("{2150E333-8FDC-42A3-9474-1A3956D46DE8}") = "Base", "Base", "{14B0B7CE-E5CD-4A09-BED3-647E6FE3D54A}"
EndProject
Project("{9A19103F-16F7-4668-BE54-9A1E7A4F7556}") = "Auth.Model", "Base\Auth\Model\Auth.Model.csproj", "{520714BF-9576-4815-A27E-82AE4183FEBE}"
EndProject
Project("{9A19103F-16F7-4668-BE54-9A1E7A4F7556}") = "Auth.ZeroApi", "Base\Auth\ZeroApi\Auth.ZeroApi.csproj", "{5FE807D5-DF1E-43DF-BA53-D9763422ACE3}"
EndProject
Project("{9A19103F-16F7-4668-BE54-9A1E7A4F7556}") = "Auth.ManageApi", "Base\Auth\ManageApi\Auth.ManageApi.csproj", "{8274FCF5-685C-4A7E-B5A1-6A1E941315A4}"
EndProject
Project("{9A19103F-16F7-4668-BE54-9A1E7A4F7556}") = "AppManage.Model", "Base\AppManage\Model\AppManage.Model.csproj", "{84D6A83F-80BC-4155-A7E0-E5B88528EA90}"
EndProject
Project("{9A19103F-16F7-4668-BE54-9A1E7A4F7556}") = "AppManage.ManageApi", "Base\AppManage\Api\AppManage.ManageApi.csproj", "{9D903F51-5760-40F9-B19A-D227AEDD2B62}"
EndProject
Global
	GlobalSection(SolutionConfigurationPlatforms) = preSolution
		Debug|Any CPU = Debug|Any CPU
		Release|Any CPU = Release|Any CPU
	EndGlobalSection
	GlobalSection(ProjectConfigurationPlatforms) = postSolution
		{BDA796C5-A4C3-4C62-A0F1-79CA24217946}.Debug|Any CPU.ActiveCfg = Debug|Any CPU
		{BDA796C5-A4C3-4C62-A0F1-79CA24217946}.Debug|Any CPU.Build.0 = Debug|Any CPU
		{BDA796C5-A4C3-4C62-A0F1-79CA24217946}.Release|Any CPU.ActiveCfg = Release|Any CPU
		{BDA796C5-A4C3-4C62-A0F1-79CA24217946}.Release|Any CPU.Build.0 = Release|Any CPU
		{520714BF-9576-4815-A27E-82AE4183FEBE}.Debug|Any CPU.ActiveCfg = Debug|Any CPU
		{520714BF-9576-4815-A27E-82AE4183FEBE}.Debug|Any CPU.Build.0 = Debug|Any CPU
		{520714BF-9576-4815-A27E-82AE4183FEBE}.Release|Any CPU.ActiveCfg = Release|Any CPU
		{520714BF-9576-4815-A27E-82AE4183FEBE}.Release|Any CPU.Build.0 = Release|Any CPU
		{5FE807D5-DF1E-43DF-BA53-D9763422ACE3}.Debug|Any CPU.ActiveCfg = Debug|Any CPU
		{5FE807D5-DF1E-43DF-BA53-D9763422ACE3}.Debug|Any CPU.Build.0 = Debug|Any CPU
		{5FE807D5-DF1E-43DF-BA53-D9763422ACE3}.Release|Any CPU.ActiveCfg = Release|Any CPU
		{5FE807D5-DF1E-43DF-BA53-D9763422ACE3}.Release|Any CPU.Build.0 = Release|Any CPU
		{8274FCF5-685C-4A7E-B5A1-6A1E941315A4}.Debug|Any CPU.ActiveCfg = Debug|Any CPU
		{8274FCF5-685C-4A7E-B5A1-6A1E941315A4}.Debug|Any CPU.Build.0 = Debug|Any CPU
		{8274FCF5-685C-4A7E-B5A1-6A1E941315A4}.Release|Any CPU.ActiveCfg = Release|Any CPU
		{8274FCF5-685C-4A7E-B5A1-6A1E941315A4}.Release|Any CPU.Build.0 = Release|Any CPU
		{84D6A83F-80BC-4155-A7E0-E5B88528EA90}.Debug|Any CPU.ActiveCfg = Debug|Any CPU
		{84D6A83F-80BC-4155-A7E0-E5B88528EA90}.Debug|Any CPU.Build.0 = Debug|Any CPU
		{84D6A83F-80BC-4155-A7E0-E5B88528EA90}.Release|Any CPU.ActiveCfg = Release|Any CPU
		{84D6A83F-80BC-4155-A7E0-E5B88528EA90}.Release|Any CPU.Build.0 = Release|Any CPU
		{9D903F51-5760-40F9-B19A-D227AEDD2B62}.Debug|Any CPU.ActiveCfg = Debug|Any CPU
		{9D903F51-5760-40F9-B19A-D227AEDD2B62}.Debug|Any CPU.Build.0 = Debug|Any CPU
		{9D903F51-5760-40F9-B19A-D227AEDD2B62}.Release|Any CPU.ActiveCfg = Release|Any CPU
		{9D903F51-5760-40F9-B19A-D227AEDD2B62}.Release|Any CPU.Build.0 = Release|Any CPU
	EndGlobalSection
	GlobalSection(SolutionProperties) = preSolution
		HideSolutionNode = FALSE
	EndGlobalSection
	GlobalSection(NestedProjects) = preSolution
		{520714BF-9576-4815-A27E-82AE4183FEBE} = {14B0B7CE-E5CD-4A09-BED3-647E6FE3D54A}
		{5FE807D5-DF1E-43DF-BA53-D9763422ACE3} = {14B0B7CE-E5CD-4A09-BED3-647E6FE3D54A}
		{8274FCF5-685C-4A7E-B5A1-6A1E941315A4} = {14B0B7CE-E5CD-4A09-BED3-647E6FE3D54A}
		{84D6A83F-80BC-4155-A7E0-E5B88528EA90} = {14B0B7CE-E5CD-4A09-BED3-647E6FE3D54A}
		{9D903F51-5760-40F9-B19A-D227AEDD2B62} = {14B0B7CE-E5CD-4A09-BED3-647E6FE3D54A}
	EndGlobalSection
	GlobalSection(ExtensibilityGlobals) = postSolution
		SolutionGuid = {15C9C11A-FA26-4997-9E26-494B6A0B6CBF}
	EndGlobalSection
EndGlobal
