
Microsoft Visual Studio Solution File, Format Version 12.00
# Visual Studio Version 16
VisualStudioVersion = 16.0.30011.22
MinimumVisualStudioVersion = 10.0.40219.1
Project("{9A19103F-16F7-4668-BE54-9A1E7A4F7556}") = "Agebull.Common.Mvvm", "Common\WpfMvvmBase\Agebull.Common.Mvvm.csproj", "{6F6DC5D2-85EF-4BB5-82FA-BD21F7AA3053}"
EndProject
Project("{9A19103F-16F7-4668-BE54-9A1E7A4F7556}") = "Agebull.EntityModel.Designer", "Main\Agebull.EntityModel.Designer.csproj", "{030A33C1-E68A-4ED1-914C-F84ECF1469E2}"
	ProjectSection(ProjectDependencies) = postProject
		{F088FC1D-1FBB-4224-97FA-A9535F6DC58F} = {F088FC1D-1FBB-4224-97FA-A9535F6DC58F}
		{5DA82320-D5BD-408F-B915-C72EB6A52B91} = {5DA82320-D5BD-408F-B915-C72EB6A52B91}
		{389AF837-ADF0-430E-A62D-87C93B8B63CF} = {389AF837-ADF0-430E-A62D-87C93B8B63CF}
		{87D7AC41-7225-477E-B854-A58A196EC4E7} = {87D7AC41-7225-477E-B854-A58A196EC4E7}
		{B071314E-BCA3-406A-8DC8-C34910B0C628} = {B071314E-BCA3-406A-8DC8-C34910B0C628}
		{3ABA666B-DA74-447D-BF34-3EAA2C48A443} = {3ABA666B-DA74-447D-BF34-3EAA2C48A443}
		{25B4F89F-0344-4B0F-8DC0-6E32D2E84BA3} = {25B4F89F-0344-4B0F-8DC0-6E32D2E84BA3}
		{0AF9F7A3-6AAB-46A5-B3E8-45940AE26E5B} = {0AF9F7A3-6AAB-46A5-B3E8-45940AE26E5B}
		{A7655BA4-706F-4630-BDFC-02DEDE7248CC} = {A7655BA4-706F-4630-BDFC-02DEDE7248CC}
		{56A551B8-AC09-46B7-9AA0-655CB1C6520F} = {56A551B8-AC09-46B7-9AA0-655CB1C6520F}
		{6F6DC5D2-85EF-4BB5-82FA-BD21F7AA3053} = {6F6DC5D2-85EF-4BB5-82FA-BD21F7AA3053}
		{0D626DDA-02C0-4BD8-B2FD-EFEE0971510F} = {0D626DDA-02C0-4BD8-B2FD-EFEE0971510F}
		{94AE24E5-4B58-4080-9231-ACD209D4290E} = {94AE24E5-4B58-4080-9231-ACD209D4290E}
		{2162E0EC-B6B5-443A-B3FC-C3890934727F} = {2162E0EC-B6B5-443A-B3FC-C3890934727F}
		{0C9FD8F0-2C65-49E7-86EC-F135E56EC846} = {0C9FD8F0-2C65-49E7-86EC-F135E56EC846}
		{981B5BF3-5BAE-45B3-9123-631CD3BAB337} = {981B5BF3-5BAE-45B3-9123-631CD3BAB337}
		{9D2F25F6-E750-4BFC-94B8-B0348B71DE53} = {9D2F25F6-E750-4BFC-94B8-B0348B71DE53}
		{80D6ECF6-10DE-4B9E-9CD7-9B597610C482} = {80D6ECF6-10DE-4B9E-9CD7-9B597610C482}
	EndProjectSection
EndProject
Project("{9A19103F-16F7-4668-BE54-9A1E7A4F7556}") = "Agebull.EntityModel.Config", "Common\Config\Agebull.EntityModel.Config.csproj", "{0AF9F7A3-6AAB-46A5-B3E8-45940AE26E5B}"
EndProject
Project("{9A19103F-16F7-4668-BE54-9A1E7A4F7556}") = "Agebull.EntityModel.Designer.Logical", "Model\Logical\Agebull.EntityModel.Designer.Logical.csproj", "{0C9FD8F0-2C65-49E7-86EC-F135E56EC846}"
EndProject
Project("{9A19103F-16F7-4668-BE54-9A1E7A4F7556}") = "Agebull.EntityModel.Designer.Model", "Model\Model\Agebull.EntityModel.Designer.Model.csproj", "{675EE1A7-84FE-47E4-968F-1E3D43C8C019}"
EndProject
Project("{9A19103F-16F7-4668-BE54-9A1E7A4F7556}") = "Agebull.EntityModel.RobotCoder", "Model\Coder\Agebull.EntityModel.RobotCoder.csproj", "{80D6ECF6-10DE-4B9E-9CD7-9B597610C482}"
EndProject
Project("{9A19103F-16F7-4668-BE54-9A1E7A4F7556}") = "Agebull.Common.Entity", "Common\Entities\Agebull.Common.Entity.csproj", "{0D626DDA-02C0-4BD8-B2FD-EFEE0971510F}"
EndProject
Project("{9A19103F-16F7-4668-BE54-9A1E7A4F7556}") = "Agebull.EntityModel.RobotCoder.Project", "Coder\Coder.Project\Agebull.EntityModel.RobotCoder.Project.csproj", "{2162E0EC-B6B5-443A-B3FC-C3890934727F}"
EndProject
Project("{9A19103F-16F7-4668-BE54-9A1E7A4F7556}") = "Agebull.EntityModel.RobotCoder.DataBase", "Coder\Coder.Sql\Agebull.EntityModel.RobotCoder.DataBase.csproj", "{9D2F25F6-E750-4BFC-94B8-B0348B71DE53}"
EndProject
Project("{2150E333-8FDC-42A3-9474-1A3956D46DE8}") = "MEF Coder", "MEF Coder", "{BE231990-D6EE-49BC-86F9-13A63582B083}"
EndProject
Project("{2150E333-8FDC-42A3-9474-1A3956D46DE8}") = "Common", "Common", "{1ADED311-8DD6-46F0-9F45-ADE3C39E2CE8}"
EndProject
Project("{2150E333-8FDC-42A3-9474-1A3956D46DE8}") = "Designer", "Designer", "{E21035B7-74A2-46E6-8A3E-C9850F96C9CF}"
EndProject
Project("{9A19103F-16F7-4668-BE54-9A1E7A4F7556}") = "Agebull.EntityModel.RobotCoder.Entity", "Coder\Coder.Entity\Agebull.EntityModel.RobotCoder.Entity.csproj", "{F088FC1D-1FBB-4224-97FA-A9535F6DC58F}"
EndProject
Project("{2150E333-8FDC-42A3-9474-1A3956D46DE8}") = "MEF Designer", "MEF Designer", "{6AF0DC83-01E9-497B-AB27-EB3066169869}"
EndProject
Project("{9A19103F-16F7-4668-BE54-9A1E7A4F7556}") = "Agebull.EntityModel.Designer.Entity", "Designer\Designer.Entity\Agebull.EntityModel.Designer.Entity.csproj", "{3ABA666B-DA74-447D-BF34-3EAA2C48A443}"
EndProject
Project("{9A19103F-16F7-4668-BE54-9A1E7A4F7556}") = "Agebull.EntityModel.Designer.DataBase", "Designer\Designer.DataBase\Agebull.EntityModel.Designer.DataBase.csproj", "{B071314E-BCA3-406A-8DC8-C34910B0C628}"
EndProject
Project("{9A19103F-16F7-4668-BE54-9A1E7A4F7556}") = "Agebull.EntityModel.Designer.Solution", "Designer\Designer.Solution\Agebull.EntityModel.Designer.Solution.csproj", "{A7655BA4-706F-4630-BDFC-02DEDE7248CC}"
EndProject
Project("{9A19103F-16F7-4668-BE54-9A1E7A4F7556}") = "Agebull.EntityModel.Designer.Project", "Designer\Designer.Project\Agebull.EntityModel.Designer.Project.csproj", "{5DA82320-D5BD-408F-B915-C72EB6A52B91}"
EndProject
Project("{9A19103F-16F7-4668-BE54-9A1E7A4F7556}") = "Agebull.EntityModel.Designer.Enum", "Designer\Designer.Enum\Agebull.EntityModel.Designer.Enum.csproj", "{25B4F89F-0344-4B0F-8DC0-6E32D2E84BA3}"
EndProject
Project("{9A19103F-16F7-4668-BE54-9A1E7A4F7556}") = "Agebull.EntityModel.Designer.Config", "Designer\Designer.Config\Agebull.EntityModel.Designer.Config.csproj", "{87D7AC41-7225-477E-B854-A58A196EC4E7}"
EndProject
Project("{9A19103F-16F7-4668-BE54-9A1E7A4F7556}") = "Agebull.EntityModel.RobotCoder.Vue", "Coder\Coder.Vue\Agebull.EntityModel.RobotCoder.Vue.csproj", "{94AE24E5-4B58-4080-9231-ACD209D4290E}"
EndProject
Project("{9A19103F-16F7-4668-BE54-9A1E7A4F7556}") = "Agebull.EntityModel.Designer.Trigger", "Designer\Designer.Trigger\Agebull.EntityModel.Designer.Trigger.csproj", "{981B5BF3-5BAE-45B3-9123-631CD3BAB337}"
EndProject
Project("{9A19103F-16F7-4668-BE54-9A1E7A4F7556}") = "Agebull.EntityModel.Designer.Vue", "Designer\Designer.Vue\Agebull.EntityModel.Designer.Vue.csproj", "{56A551B8-AC09-46B7-9AA0-655CB1C6520F}"
EndProject
Project("{9A19103F-16F7-4668-BE54-9A1E7A4F7556}") = "Agebull.EntityModel.RobotCoder.Upgrade", "Coder\Coder.Upgrade\Agebull.EntityModel.RobotCoder.Upgrade.csproj", "{389AF837-ADF0-430E-A62D-87C93B8B63CF}"
EndProject
Global
	GlobalSection(SolutionConfigurationPlatforms) = preSolution
		Debug|Any CPU = Debug|Any CPU
		Debug|ARM = Debug|ARM
		Debug|Mixed Platforms = Debug|Mixed Platforms
		Debug|x64 = Debug|x64
		Debug|x86 = Debug|x86
		Release|Any CPU = Release|Any CPU
		Release|ARM = Release|ARM
		Release|Mixed Platforms = Release|Mixed Platforms
		Release|x64 = Release|x64
		Release|x86 = Release|x86
		x86Release|Any CPU = x86Release|Any CPU
		x86Release|ARM = x86Release|ARM
		x86Release|Mixed Platforms = x86Release|Mixed Platforms
		x86Release|x64 = x86Release|x64
		x86Release|x86 = x86Release|x86
	EndGlobalSection
	GlobalSection(ProjectConfigurationPlatforms) = postSolution
		{6F6DC5D2-85EF-4BB5-82FA-BD21F7AA3053}.Debug|Any CPU.ActiveCfg = Debug|Any CPU
		{6F6DC5D2-85EF-4BB5-82FA-BD21F7AA3053}.Debug|Any CPU.Build.0 = Debug|Any CPU
		{6F6DC5D2-85EF-4BB5-82FA-BD21F7AA3053}.Debug|ARM.ActiveCfg = Debug|Any CPU
		{6F6DC5D2-85EF-4BB5-82FA-BD21F7AA3053}.Debug|ARM.Build.0 = Debug|Any CPU
		{6F6DC5D2-85EF-4BB5-82FA-BD21F7AA3053}.Debug|Mixed Platforms.ActiveCfg = Debug|Any CPU
		{6F6DC5D2-85EF-4BB5-82FA-BD21F7AA3053}.Debug|Mixed Platforms.Build.0 = Debug|Any CPU
		{6F6DC5D2-85EF-4BB5-82FA-BD21F7AA3053}.Debug|x64.ActiveCfg = Debug|Any CPU
		{6F6DC5D2-85EF-4BB5-82FA-BD21F7AA3053}.Debug|x86.ActiveCfg = Debug|Any CPU
		{6F6DC5D2-85EF-4BB5-82FA-BD21F7AA3053}.Release|Any CPU.ActiveCfg = Release|Any CPU
		{6F6DC5D2-85EF-4BB5-82FA-BD21F7AA3053}.Release|Any CPU.Build.0 = Release|Any CPU
		{6F6DC5D2-85EF-4BB5-82FA-BD21F7AA3053}.Release|ARM.ActiveCfg = Release|Any CPU
		{6F6DC5D2-85EF-4BB5-82FA-BD21F7AA3053}.Release|ARM.Build.0 = Release|Any CPU
		{6F6DC5D2-85EF-4BB5-82FA-BD21F7AA3053}.Release|Mixed Platforms.ActiveCfg = Release|Any CPU
		{6F6DC5D2-85EF-4BB5-82FA-BD21F7AA3053}.Release|Mixed Platforms.Build.0 = Release|Any CPU
		{6F6DC5D2-85EF-4BB5-82FA-BD21F7AA3053}.Release|x64.ActiveCfg = Release|Any CPU
		{6F6DC5D2-85EF-4BB5-82FA-BD21F7AA3053}.Release|x86.ActiveCfg = Release|Any CPU
		{6F6DC5D2-85EF-4BB5-82FA-BD21F7AA3053}.x86Release|Any CPU.ActiveCfg = Release|Any CPU
		{6F6DC5D2-85EF-4BB5-82FA-BD21F7AA3053}.x86Release|Any CPU.Build.0 = Release|Any CPU
		{6F6DC5D2-85EF-4BB5-82FA-BD21F7AA3053}.x86Release|ARM.ActiveCfg = Release|Any CPU
		{6F6DC5D2-85EF-4BB5-82FA-BD21F7AA3053}.x86Release|ARM.Build.0 = Release|Any CPU
		{6F6DC5D2-85EF-4BB5-82FA-BD21F7AA3053}.x86Release|Mixed Platforms.ActiveCfg = Release|Any CPU
		{6F6DC5D2-85EF-4BB5-82FA-BD21F7AA3053}.x86Release|Mixed Platforms.Build.0 = Release|Any CPU
		{6F6DC5D2-85EF-4BB5-82FA-BD21F7AA3053}.x86Release|x64.ActiveCfg = Release|Any CPU
		{6F6DC5D2-85EF-4BB5-82FA-BD21F7AA3053}.x86Release|x86.ActiveCfg = Release|Any CPU
		{030A33C1-E68A-4ED1-914C-F84ECF1469E2}.Debug|Any CPU.ActiveCfg = Debug|Any CPU
		{030A33C1-E68A-4ED1-914C-F84ECF1469E2}.Debug|Any CPU.Build.0 = Debug|Any CPU
		{030A33C1-E68A-4ED1-914C-F84ECF1469E2}.Debug|ARM.ActiveCfg = Debug|Any CPU
		{030A33C1-E68A-4ED1-914C-F84ECF1469E2}.Debug|ARM.Build.0 = Debug|Any CPU
		{030A33C1-E68A-4ED1-914C-F84ECF1469E2}.Debug|Mixed Platforms.ActiveCfg = Debug|Any CPU
		{030A33C1-E68A-4ED1-914C-F84ECF1469E2}.Debug|Mixed Platforms.Build.0 = Debug|Any CPU
		{030A33C1-E68A-4ED1-914C-F84ECF1469E2}.Debug|x64.ActiveCfg = Debug|Any CPU
		{030A33C1-E68A-4ED1-914C-F84ECF1469E2}.Debug|x86.ActiveCfg = Debug|Any CPU
		{030A33C1-E68A-4ED1-914C-F84ECF1469E2}.Release|Any CPU.ActiveCfg = Release|Any CPU
		{030A33C1-E68A-4ED1-914C-F84ECF1469E2}.Release|Any CPU.Build.0 = Release|Any CPU
		{030A33C1-E68A-4ED1-914C-F84ECF1469E2}.Release|ARM.ActiveCfg = Release|Any CPU
		{030A33C1-E68A-4ED1-914C-F84ECF1469E2}.Release|ARM.Build.0 = Release|Any CPU
		{030A33C1-E68A-4ED1-914C-F84ECF1469E2}.Release|Mixed Platforms.ActiveCfg = Release|Any CPU
		{030A33C1-E68A-4ED1-914C-F84ECF1469E2}.Release|Mixed Platforms.Build.0 = Release|Any CPU
		{030A33C1-E68A-4ED1-914C-F84ECF1469E2}.Release|x64.ActiveCfg = Release|Any CPU
		{030A33C1-E68A-4ED1-914C-F84ECF1469E2}.Release|x86.ActiveCfg = Release|Any CPU
		{030A33C1-E68A-4ED1-914C-F84ECF1469E2}.x86Release|Any CPU.ActiveCfg = Release|Any CPU
		{030A33C1-E68A-4ED1-914C-F84ECF1469E2}.x86Release|Any CPU.Build.0 = Release|Any CPU
		{030A33C1-E68A-4ED1-914C-F84ECF1469E2}.x86Release|ARM.ActiveCfg = Release|Any CPU
		{030A33C1-E68A-4ED1-914C-F84ECF1469E2}.x86Release|ARM.Build.0 = Release|Any CPU
		{030A33C1-E68A-4ED1-914C-F84ECF1469E2}.x86Release|Mixed Platforms.ActiveCfg = Release|Any CPU
		{030A33C1-E68A-4ED1-914C-F84ECF1469E2}.x86Release|Mixed Platforms.Build.0 = Release|Any CPU
		{030A33C1-E68A-4ED1-914C-F84ECF1469E2}.x86Release|x64.ActiveCfg = Release|Any CPU
		{030A33C1-E68A-4ED1-914C-F84ECF1469E2}.x86Release|x86.ActiveCfg = Release|Any CPU
		{0AF9F7A3-6AAB-46A5-B3E8-45940AE26E5B}.Debug|Any CPU.ActiveCfg = Debug|Any CPU
		{0AF9F7A3-6AAB-46A5-B3E8-45940AE26E5B}.Debug|Any CPU.Build.0 = Debug|Any CPU
		{0AF9F7A3-6AAB-46A5-B3E8-45940AE26E5B}.Debug|ARM.ActiveCfg = Debug|Any CPU
		{0AF9F7A3-6AAB-46A5-B3E8-45940AE26E5B}.Debug|ARM.Build.0 = Debug|Any CPU
		{0AF9F7A3-6AAB-46A5-B3E8-45940AE26E5B}.Debug|Mixed Platforms.ActiveCfg = Debug|Any CPU
		{0AF9F7A3-6AAB-46A5-B3E8-45940AE26E5B}.Debug|Mixed Platforms.Build.0 = Debug|Any CPU
		{0AF9F7A3-6AAB-46A5-B3E8-45940AE26E5B}.Debug|x64.ActiveCfg = Debug|Any CPU
		{0AF9F7A3-6AAB-46A5-B3E8-45940AE26E5B}.Debug|x64.Build.0 = Debug|Any CPU
		{0AF9F7A3-6AAB-46A5-B3E8-45940AE26E5B}.Debug|x86.ActiveCfg = Debug|Any CPU
		{0AF9F7A3-6AAB-46A5-B3E8-45940AE26E5B}.Debug|x86.Build.0 = Debug|Any CPU
		{0AF9F7A3-6AAB-46A5-B3E8-45940AE26E5B}.Release|Any CPU.ActiveCfg = Release|Any CPU
		{0AF9F7A3-6AAB-46A5-B3E8-45940AE26E5B}.Release|Any CPU.Build.0 = Release|Any CPU
		{0AF9F7A3-6AAB-46A5-B3E8-45940AE26E5B}.Release|ARM.ActiveCfg = Release|Any CPU
		{0AF9F7A3-6AAB-46A5-B3E8-45940AE26E5B}.Release|ARM.Build.0 = Release|Any CPU
		{0AF9F7A3-6AAB-46A5-B3E8-45940AE26E5B}.Release|Mixed Platforms.ActiveCfg = Release|Any CPU
		{0AF9F7A3-6AAB-46A5-B3E8-45940AE26E5B}.Release|Mixed Platforms.Build.0 = Release|Any CPU
		{0AF9F7A3-6AAB-46A5-B3E8-45940AE26E5B}.Release|x64.ActiveCfg = Release|Any CPU
		{0AF9F7A3-6AAB-46A5-B3E8-45940AE26E5B}.Release|x64.Build.0 = Release|Any CPU
		{0AF9F7A3-6AAB-46A5-B3E8-45940AE26E5B}.Release|x86.ActiveCfg = Release|Any CPU
		{0AF9F7A3-6AAB-46A5-B3E8-45940AE26E5B}.Release|x86.Build.0 = Release|Any CPU
		{0AF9F7A3-6AAB-46A5-B3E8-45940AE26E5B}.x86Release|Any CPU.ActiveCfg = Release|Any CPU
		{0AF9F7A3-6AAB-46A5-B3E8-45940AE26E5B}.x86Release|Any CPU.Build.0 = Release|Any CPU
		{0AF9F7A3-6AAB-46A5-B3E8-45940AE26E5B}.x86Release|ARM.ActiveCfg = Release|Any CPU
		{0AF9F7A3-6AAB-46A5-B3E8-45940AE26E5B}.x86Release|ARM.Build.0 = Release|Any CPU
		{0AF9F7A3-6AAB-46A5-B3E8-45940AE26E5B}.x86Release|Mixed Platforms.ActiveCfg = Release|Any CPU
		{0AF9F7A3-6AAB-46A5-B3E8-45940AE26E5B}.x86Release|Mixed Platforms.Build.0 = Release|Any CPU
		{0AF9F7A3-6AAB-46A5-B3E8-45940AE26E5B}.x86Release|x64.ActiveCfg = Release|Any CPU
		{0AF9F7A3-6AAB-46A5-B3E8-45940AE26E5B}.x86Release|x64.Build.0 = Release|Any CPU
		{0AF9F7A3-6AAB-46A5-B3E8-45940AE26E5B}.x86Release|x86.ActiveCfg = Release|Any CPU
		{0AF9F7A3-6AAB-46A5-B3E8-45940AE26E5B}.x86Release|x86.Build.0 = Release|Any CPU
		{0C9FD8F0-2C65-49E7-86EC-F135E56EC846}.Debug|Any CPU.ActiveCfg = Debug|Any CPU
		{0C9FD8F0-2C65-49E7-86EC-F135E56EC846}.Debug|Any CPU.Build.0 = Debug|Any CPU
		{0C9FD8F0-2C65-49E7-86EC-F135E56EC846}.Debug|ARM.ActiveCfg = Debug|Any CPU
		{0C9FD8F0-2C65-49E7-86EC-F135E56EC846}.Debug|ARM.Build.0 = Debug|Any CPU
		{0C9FD8F0-2C65-49E7-86EC-F135E56EC846}.Debug|Mixed Platforms.ActiveCfg = Debug|Any CPU
		{0C9FD8F0-2C65-49E7-86EC-F135E56EC846}.Debug|Mixed Platforms.Build.0 = Debug|Any CPU
		{0C9FD8F0-2C65-49E7-86EC-F135E56EC846}.Debug|x64.ActiveCfg = Debug|Any CPU
		{0C9FD8F0-2C65-49E7-86EC-F135E56EC846}.Debug|x64.Build.0 = Debug|Any CPU
		{0C9FD8F0-2C65-49E7-86EC-F135E56EC846}.Debug|x86.ActiveCfg = Debug|Any CPU
		{0C9FD8F0-2C65-49E7-86EC-F135E56EC846}.Debug|x86.Build.0 = Debug|Any CPU
		{0C9FD8F0-2C65-49E7-86EC-F135E56EC846}.Release|Any CPU.ActiveCfg = Release|Any CPU
		{0C9FD8F0-2C65-49E7-86EC-F135E56EC846}.Release|Any CPU.Build.0 = Release|Any CPU
		{0C9FD8F0-2C65-49E7-86EC-F135E56EC846}.Release|ARM.ActiveCfg = Release|Any CPU
		{0C9FD8F0-2C65-49E7-86EC-F135E56EC846}.Release|ARM.Build.0 = Release|Any CPU
		{0C9FD8F0-2C65-49E7-86EC-F135E56EC846}.Release|Mixed Platforms.ActiveCfg = Release|Any CPU
		{0C9FD8F0-2C65-49E7-86EC-F135E56EC846}.Release|Mixed Platforms.Build.0 = Release|Any CPU
		{0C9FD8F0-2C65-49E7-86EC-F135E56EC846}.Release|x64.ActiveCfg = Release|Any CPU
		{0C9FD8F0-2C65-49E7-86EC-F135E56EC846}.Release|x64.Build.0 = Release|Any CPU
		{0C9FD8F0-2C65-49E7-86EC-F135E56EC846}.Release|x86.ActiveCfg = Release|Any CPU
		{0C9FD8F0-2C65-49E7-86EC-F135E56EC846}.Release|x86.Build.0 = Release|Any CPU
		{0C9FD8F0-2C65-49E7-86EC-F135E56EC846}.x86Release|Any CPU.ActiveCfg = Release|Any CPU
		{0C9FD8F0-2C65-49E7-86EC-F135E56EC846}.x86Release|Any CPU.Build.0 = Release|Any CPU
		{0C9FD8F0-2C65-49E7-86EC-F135E56EC846}.x86Release|ARM.ActiveCfg = Release|Any CPU
		{0C9FD8F0-2C65-49E7-86EC-F135E56EC846}.x86Release|ARM.Build.0 = Release|Any CPU
		{0C9FD8F0-2C65-49E7-86EC-F135E56EC846}.x86Release|Mixed Platforms.ActiveCfg = Release|Any CPU
		{0C9FD8F0-2C65-49E7-86EC-F135E56EC846}.x86Release|Mixed Platforms.Build.0 = Release|Any CPU
		{0C9FD8F0-2C65-49E7-86EC-F135E56EC846}.x86Release|x64.ActiveCfg = Release|Any CPU
		{0C9FD8F0-2C65-49E7-86EC-F135E56EC846}.x86Release|x64.Build.0 = Release|Any CPU
		{0C9FD8F0-2C65-49E7-86EC-F135E56EC846}.x86Release|x86.ActiveCfg = Release|Any CPU
		{0C9FD8F0-2C65-49E7-86EC-F135E56EC846}.x86Release|x86.Build.0 = Release|Any CPU
		{675EE1A7-84FE-47E4-968F-1E3D43C8C019}.Debug|Any CPU.ActiveCfg = Debug|Any CPU
		{675EE1A7-84FE-47E4-968F-1E3D43C8C019}.Debug|Any CPU.Build.0 = Debug|Any CPU
		{675EE1A7-84FE-47E4-968F-1E3D43C8C019}.Debug|ARM.ActiveCfg = Debug|Any CPU
		{675EE1A7-84FE-47E4-968F-1E3D43C8C019}.Debug|ARM.Build.0 = Debug|Any CPU
		{675EE1A7-84FE-47E4-968F-1E3D43C8C019}.Debug|Mixed Platforms.ActiveCfg = Debug|Any CPU
		{675EE1A7-84FE-47E4-968F-1E3D43C8C019}.Debug|Mixed Platforms.Build.0 = Debug|Any CPU
		{675EE1A7-84FE-47E4-968F-1E3D43C8C019}.Debug|x64.ActiveCfg = Debug|Any CPU
		{675EE1A7-84FE-47E4-968F-1E3D43C8C019}.Debug|x64.Build.0 = Debug|Any CPU
		{675EE1A7-84FE-47E4-968F-1E3D43C8C019}.Debug|x86.ActiveCfg = Debug|Any CPU
		{675EE1A7-84FE-47E4-968F-1E3D43C8C019}.Debug|x86.Build.0 = Debug|Any CPU
		{675EE1A7-84FE-47E4-968F-1E3D43C8C019}.Release|Any CPU.ActiveCfg = Release|Any CPU
		{675EE1A7-84FE-47E4-968F-1E3D43C8C019}.Release|Any CPU.Build.0 = Release|Any CPU
		{675EE1A7-84FE-47E4-968F-1E3D43C8C019}.Release|ARM.ActiveCfg = Release|Any CPU
		{675EE1A7-84FE-47E4-968F-1E3D43C8C019}.Release|ARM.Build.0 = Release|Any CPU
		{675EE1A7-84FE-47E4-968F-1E3D43C8C019}.Release|Mixed Platforms.ActiveCfg = Release|Any CPU
		{675EE1A7-84FE-47E4-968F-1E3D43C8C019}.Release|Mixed Platforms.Build.0 = Release|Any CPU
		{675EE1A7-84FE-47E4-968F-1E3D43C8C019}.Release|x64.ActiveCfg = Release|Any CPU
		{675EE1A7-84FE-47E4-968F-1E3D43C8C019}.Release|x64.Build.0 = Release|Any CPU
		{675EE1A7-84FE-47E4-968F-1E3D43C8C019}.Release|x86.ActiveCfg = Release|Any CPU
		{675EE1A7-84FE-47E4-968F-1E3D43C8C019}.Release|x86.Build.0 = Release|Any CPU
		{675EE1A7-84FE-47E4-968F-1E3D43C8C019}.x86Release|Any CPU.ActiveCfg = Release|Any CPU
		{675EE1A7-84FE-47E4-968F-1E3D43C8C019}.x86Release|Any CPU.Build.0 = Release|Any CPU
		{675EE1A7-84FE-47E4-968F-1E3D43C8C019}.x86Release|ARM.ActiveCfg = Release|Any CPU
		{675EE1A7-84FE-47E4-968F-1E3D43C8C019}.x86Release|ARM.Build.0 = Release|Any CPU
		{675EE1A7-84FE-47E4-968F-1E3D43C8C019}.x86Release|Mixed Platforms.ActiveCfg = Release|Any CPU
		{675EE1A7-84FE-47E4-968F-1E3D43C8C019}.x86Release|Mixed Platforms.Build.0 = Release|Any CPU
		{675EE1A7-84FE-47E4-968F-1E3D43C8C019}.x86Release|x64.ActiveCfg = Release|Any CPU
		{675EE1A7-84FE-47E4-968F-1E3D43C8C019}.x86Release|x64.Build.0 = Release|Any CPU
		{675EE1A7-84FE-47E4-968F-1E3D43C8C019}.x86Release|x86.ActiveCfg = Release|Any CPU
		{675EE1A7-84FE-47E4-968F-1E3D43C8C019}.x86Release|x86.Build.0 = Release|Any CPU
		{80D6ECF6-10DE-4B9E-9CD7-9B597610C482}.Debug|Any CPU.ActiveCfg = Debug|Any CPU
		{80D6ECF6-10DE-4B9E-9CD7-9B597610C482}.Debug|Any CPU.Build.0 = Debug|Any CPU
		{80D6ECF6-10DE-4B9E-9CD7-9B597610C482}.Debug|ARM.ActiveCfg = Debug|Any CPU
		{80D6ECF6-10DE-4B9E-9CD7-9B597610C482}.Debug|ARM.Build.0 = Debug|Any CPU
		{80D6ECF6-10DE-4B9E-9CD7-9B597610C482}.Debug|Mixed Platforms.ActiveCfg = Debug|Any CPU
		{80D6ECF6-10DE-4B9E-9CD7-9B597610C482}.Debug|Mixed Platforms.Build.0 = Debug|Any CPU
		{80D6ECF6-10DE-4B9E-9CD7-9B597610C482}.Debug|x64.ActiveCfg = Debug|Any CPU
		{80D6ECF6-10DE-4B9E-9CD7-9B597610C482}.Debug|x64.Build.0 = Debug|Any CPU
		{80D6ECF6-10DE-4B9E-9CD7-9B597610C482}.Debug|x86.ActiveCfg = Debug|Any CPU
		{80D6ECF6-10DE-4B9E-9CD7-9B597610C482}.Debug|x86.Build.0 = Debug|Any CPU
		{80D6ECF6-10DE-4B9E-9CD7-9B597610C482}.Release|Any CPU.ActiveCfg = Release|Any CPU
		{80D6ECF6-10DE-4B9E-9CD7-9B597610C482}.Release|Any CPU.Build.0 = Release|Any CPU
		{80D6ECF6-10DE-4B9E-9CD7-9B597610C482}.Release|ARM.ActiveCfg = Release|Any CPU
		{80D6ECF6-10DE-4B9E-9CD7-9B597610C482}.Release|ARM.Build.0 = Release|Any CPU
		{80D6ECF6-10DE-4B9E-9CD7-9B597610C482}.Release|Mixed Platforms.ActiveCfg = Release|Any CPU
		{80D6ECF6-10DE-4B9E-9CD7-9B597610C482}.Release|Mixed Platforms.Build.0 = Release|Any CPU
		{80D6ECF6-10DE-4B9E-9CD7-9B597610C482}.Release|x64.ActiveCfg = Release|Any CPU
		{80D6ECF6-10DE-4B9E-9CD7-9B597610C482}.Release|x64.Build.0 = Release|Any CPU
		{80D6ECF6-10DE-4B9E-9CD7-9B597610C482}.Release|x86.ActiveCfg = Release|Any CPU
		{80D6ECF6-10DE-4B9E-9CD7-9B597610C482}.Release|x86.Build.0 = Release|Any CPU
		{80D6ECF6-10DE-4B9E-9CD7-9B597610C482}.x86Release|Any CPU.ActiveCfg = Release|Any CPU
		{80D6ECF6-10DE-4B9E-9CD7-9B597610C482}.x86Release|Any CPU.Build.0 = Release|Any CPU
		{80D6ECF6-10DE-4B9E-9CD7-9B597610C482}.x86Release|ARM.ActiveCfg = Release|Any CPU
		{80D6ECF6-10DE-4B9E-9CD7-9B597610C482}.x86Release|ARM.Build.0 = Release|Any CPU
		{80D6ECF6-10DE-4B9E-9CD7-9B597610C482}.x86Release|Mixed Platforms.ActiveCfg = Release|Any CPU
		{80D6ECF6-10DE-4B9E-9CD7-9B597610C482}.x86Release|Mixed Platforms.Build.0 = Release|Any CPU
		{80D6ECF6-10DE-4B9E-9CD7-9B597610C482}.x86Release|x64.ActiveCfg = Release|Any CPU
		{80D6ECF6-10DE-4B9E-9CD7-9B597610C482}.x86Release|x64.Build.0 = Release|Any CPU
		{80D6ECF6-10DE-4B9E-9CD7-9B597610C482}.x86Release|x86.ActiveCfg = Release|Any CPU
		{80D6ECF6-10DE-4B9E-9CD7-9B597610C482}.x86Release|x86.Build.0 = Release|Any CPU
		{0D626DDA-02C0-4BD8-B2FD-EFEE0971510F}.Debug|Any CPU.ActiveCfg = Debug|Any CPU
		{0D626DDA-02C0-4BD8-B2FD-EFEE0971510F}.Debug|Any CPU.Build.0 = Debug|Any CPU
		{0D626DDA-02C0-4BD8-B2FD-EFEE0971510F}.Debug|ARM.ActiveCfg = Debug|Any CPU
		{0D626DDA-02C0-4BD8-B2FD-EFEE0971510F}.Debug|ARM.Build.0 = Debug|Any CPU
		{0D626DDA-02C0-4BD8-B2FD-EFEE0971510F}.Debug|Mixed Platforms.ActiveCfg = Debug|Any CPU
		{0D626DDA-02C0-4BD8-B2FD-EFEE0971510F}.Debug|Mixed Platforms.Build.0 = Debug|Any CPU
		{0D626DDA-02C0-4BD8-B2FD-EFEE0971510F}.Debug|x64.ActiveCfg = Debug|Any CPU
		{0D626DDA-02C0-4BD8-B2FD-EFEE0971510F}.Debug|x64.Build.0 = Debug|Any CPU
		{0D626DDA-02C0-4BD8-B2FD-EFEE0971510F}.Debug|x86.ActiveCfg = Debug|Any CPU
		{0D626DDA-02C0-4BD8-B2FD-EFEE0971510F}.Debug|x86.Build.0 = Debug|Any CPU
		{0D626DDA-02C0-4BD8-B2FD-EFEE0971510F}.Release|Any CPU.ActiveCfg = Release|Any CPU
		{0D626DDA-02C0-4BD8-B2FD-EFEE0971510F}.Release|Any CPU.Build.0 = Release|Any CPU
		{0D626DDA-02C0-4BD8-B2FD-EFEE0971510F}.Release|ARM.ActiveCfg = Release|Any CPU
		{0D626DDA-02C0-4BD8-B2FD-EFEE0971510F}.Release|ARM.Build.0 = Release|Any CPU
		{0D626DDA-02C0-4BD8-B2FD-EFEE0971510F}.Release|Mixed Platforms.ActiveCfg = Release|Any CPU
		{0D626DDA-02C0-4BD8-B2FD-EFEE0971510F}.Release|Mixed Platforms.Build.0 = Release|Any CPU
		{0D626DDA-02C0-4BD8-B2FD-EFEE0971510F}.Release|x64.ActiveCfg = Release|Any CPU
		{0D626DDA-02C0-4BD8-B2FD-EFEE0971510F}.Release|x64.Build.0 = Release|Any CPU
		{0D626DDA-02C0-4BD8-B2FD-EFEE0971510F}.Release|x86.ActiveCfg = Release|Any CPU
		{0D626DDA-02C0-4BD8-B2FD-EFEE0971510F}.Release|x86.Build.0 = Release|Any CPU
		{0D626DDA-02C0-4BD8-B2FD-EFEE0971510F}.x86Release|Any CPU.ActiveCfg = Release|Any CPU
		{0D626DDA-02C0-4BD8-B2FD-EFEE0971510F}.x86Release|Any CPU.Build.0 = Release|Any CPU
		{0D626DDA-02C0-4BD8-B2FD-EFEE0971510F}.x86Release|ARM.ActiveCfg = Release|Any CPU
		{0D626DDA-02C0-4BD8-B2FD-EFEE0971510F}.x86Release|ARM.Build.0 = Release|Any CPU
		{0D626DDA-02C0-4BD8-B2FD-EFEE0971510F}.x86Release|Mixed Platforms.ActiveCfg = Release|Any CPU
		{0D626DDA-02C0-4BD8-B2FD-EFEE0971510F}.x86Release|Mixed Platforms.Build.0 = Release|Any CPU
		{0D626DDA-02C0-4BD8-B2FD-EFEE0971510F}.x86Release|x64.ActiveCfg = Release|Any CPU
		{0D626DDA-02C0-4BD8-B2FD-EFEE0971510F}.x86Release|x64.Build.0 = Release|Any CPU
		{0D626DDA-02C0-4BD8-B2FD-EFEE0971510F}.x86Release|x86.ActiveCfg = Release|Any CPU
		{0D626DDA-02C0-4BD8-B2FD-EFEE0971510F}.x86Release|x86.Build.0 = Release|Any CPU
		{2162E0EC-B6B5-443A-B3FC-C3890934727F}.Debug|Any CPU.ActiveCfg = Debug|Any CPU
		{2162E0EC-B6B5-443A-B3FC-C3890934727F}.Debug|Any CPU.Build.0 = Debug|Any CPU
		{2162E0EC-B6B5-443A-B3FC-C3890934727F}.Debug|ARM.ActiveCfg = Debug|Any CPU
		{2162E0EC-B6B5-443A-B3FC-C3890934727F}.Debug|ARM.Build.0 = Debug|Any CPU
		{2162E0EC-B6B5-443A-B3FC-C3890934727F}.Debug|Mixed Platforms.ActiveCfg = Debug|Any CPU
		{2162E0EC-B6B5-443A-B3FC-C3890934727F}.Debug|Mixed Platforms.Build.0 = Debug|Any CPU
		{2162E0EC-B6B5-443A-B3FC-C3890934727F}.Debug|x64.ActiveCfg = Debug|Any CPU
		{2162E0EC-B6B5-443A-B3FC-C3890934727F}.Debug|x64.Build.0 = Debug|Any CPU
		{2162E0EC-B6B5-443A-B3FC-C3890934727F}.Debug|x86.ActiveCfg = Debug|Any CPU
		{2162E0EC-B6B5-443A-B3FC-C3890934727F}.Debug|x86.Build.0 = Debug|Any CPU
		{2162E0EC-B6B5-443A-B3FC-C3890934727F}.Release|Any CPU.ActiveCfg = Release|Any CPU
		{2162E0EC-B6B5-443A-B3FC-C3890934727F}.Release|Any CPU.Build.0 = Release|Any CPU
		{2162E0EC-B6B5-443A-B3FC-C3890934727F}.Release|ARM.ActiveCfg = Release|Any CPU
		{2162E0EC-B6B5-443A-B3FC-C3890934727F}.Release|ARM.Build.0 = Release|Any CPU
		{2162E0EC-B6B5-443A-B3FC-C3890934727F}.Release|Mixed Platforms.ActiveCfg = Release|Any CPU
		{2162E0EC-B6B5-443A-B3FC-C3890934727F}.Release|Mixed Platforms.Build.0 = Release|Any CPU
		{2162E0EC-B6B5-443A-B3FC-C3890934727F}.Release|x64.ActiveCfg = Release|Any CPU
		{2162E0EC-B6B5-443A-B3FC-C3890934727F}.Release|x64.Build.0 = Release|Any CPU
		{2162E0EC-B6B5-443A-B3FC-C3890934727F}.Release|x86.ActiveCfg = Release|Any CPU
		{2162E0EC-B6B5-443A-B3FC-C3890934727F}.Release|x86.Build.0 = Release|Any CPU
		{2162E0EC-B6B5-443A-B3FC-C3890934727F}.x86Release|Any CPU.ActiveCfg = Release|Any CPU
		{2162E0EC-B6B5-443A-B3FC-C3890934727F}.x86Release|Any CPU.Build.0 = Release|Any CPU
		{2162E0EC-B6B5-443A-B3FC-C3890934727F}.x86Release|ARM.ActiveCfg = Release|Any CPU
		{2162E0EC-B6B5-443A-B3FC-C3890934727F}.x86Release|ARM.Build.0 = Release|Any CPU
		{2162E0EC-B6B5-443A-B3FC-C3890934727F}.x86Release|Mixed Platforms.ActiveCfg = Release|Any CPU
		{2162E0EC-B6B5-443A-B3FC-C3890934727F}.x86Release|Mixed Platforms.Build.0 = Release|Any CPU
		{2162E0EC-B6B5-443A-B3FC-C3890934727F}.x86Release|x64.ActiveCfg = Release|Any CPU
		{2162E0EC-B6B5-443A-B3FC-C3890934727F}.x86Release|x64.Build.0 = Release|Any CPU
		{2162E0EC-B6B5-443A-B3FC-C3890934727F}.x86Release|x86.ActiveCfg = Release|Any CPU
		{2162E0EC-B6B5-443A-B3FC-C3890934727F}.x86Release|x86.Build.0 = Release|Any CPU
		{9D2F25F6-E750-4BFC-94B8-B0348B71DE53}.Debug|Any CPU.ActiveCfg = Debug|Any CPU
		{9D2F25F6-E750-4BFC-94B8-B0348B71DE53}.Debug|Any CPU.Build.0 = Debug|Any CPU
		{9D2F25F6-E750-4BFC-94B8-B0348B71DE53}.Debug|ARM.ActiveCfg = Debug|Any CPU
		{9D2F25F6-E750-4BFC-94B8-B0348B71DE53}.Debug|ARM.Build.0 = Debug|Any CPU
		{9D2F25F6-E750-4BFC-94B8-B0348B71DE53}.Debug|Mixed Platforms.ActiveCfg = Debug|Any CPU
		{9D2F25F6-E750-4BFC-94B8-B0348B71DE53}.Debug|Mixed Platforms.Build.0 = Debug|Any CPU
		{9D2F25F6-E750-4BFC-94B8-B0348B71DE53}.Debug|x64.ActiveCfg = Debug|Any CPU
		{9D2F25F6-E750-4BFC-94B8-B0348B71DE53}.Debug|x64.Build.0 = Debug|Any CPU
		{9D2F25F6-E750-4BFC-94B8-B0348B71DE53}.Debug|x86.ActiveCfg = Debug|Any CPU
		{9D2F25F6-E750-4BFC-94B8-B0348B71DE53}.Debug|x86.Build.0 = Debug|Any CPU
		{9D2F25F6-E750-4BFC-94B8-B0348B71DE53}.Release|Any CPU.ActiveCfg = Release|Any CPU
		{9D2F25F6-E750-4BFC-94B8-B0348B71DE53}.Release|Any CPU.Build.0 = Release|Any CPU
		{9D2F25F6-E750-4BFC-94B8-B0348B71DE53}.Release|ARM.ActiveCfg = Release|Any CPU
		{9D2F25F6-E750-4BFC-94B8-B0348B71DE53}.Release|ARM.Build.0 = Release|Any CPU
		{9D2F25F6-E750-4BFC-94B8-B0348B71DE53}.Release|Mixed Platforms.ActiveCfg = Release|Any CPU
		{9D2F25F6-E750-4BFC-94B8-B0348B71DE53}.Release|Mixed Platforms.Build.0 = Release|Any CPU
		{9D2F25F6-E750-4BFC-94B8-B0348B71DE53}.Release|x64.ActiveCfg = Release|Any CPU
		{9D2F25F6-E750-4BFC-94B8-B0348B71DE53}.Release|x64.Build.0 = Release|Any CPU
		{9D2F25F6-E750-4BFC-94B8-B0348B71DE53}.Release|x86.ActiveCfg = Release|Any CPU
		{9D2F25F6-E750-4BFC-94B8-B0348B71DE53}.Release|x86.Build.0 = Release|Any CPU
		{9D2F25F6-E750-4BFC-94B8-B0348B71DE53}.x86Release|Any CPU.ActiveCfg = Release|Any CPU
		{9D2F25F6-E750-4BFC-94B8-B0348B71DE53}.x86Release|Any CPU.Build.0 = Release|Any CPU
		{9D2F25F6-E750-4BFC-94B8-B0348B71DE53}.x86Release|ARM.ActiveCfg = Release|Any CPU
		{9D2F25F6-E750-4BFC-94B8-B0348B71DE53}.x86Release|ARM.Build.0 = Release|Any CPU
		{9D2F25F6-E750-4BFC-94B8-B0348B71DE53}.x86Release|Mixed Platforms.ActiveCfg = Release|Any CPU
		{9D2F25F6-E750-4BFC-94B8-B0348B71DE53}.x86Release|Mixed Platforms.Build.0 = Release|Any CPU
		{9D2F25F6-E750-4BFC-94B8-B0348B71DE53}.x86Release|x64.ActiveCfg = Release|Any CPU
		{9D2F25F6-E750-4BFC-94B8-B0348B71DE53}.x86Release|x64.Build.0 = Release|Any CPU
		{9D2F25F6-E750-4BFC-94B8-B0348B71DE53}.x86Release|x86.ActiveCfg = Release|Any CPU
		{9D2F25F6-E750-4BFC-94B8-B0348B71DE53}.x86Release|x86.Build.0 = Release|Any CPU
		{F088FC1D-1FBB-4224-97FA-A9535F6DC58F}.Debug|Any CPU.ActiveCfg = Debug|Any CPU
		{F088FC1D-1FBB-4224-97FA-A9535F6DC58F}.Debug|Any CPU.Build.0 = Debug|Any CPU
		{F088FC1D-1FBB-4224-97FA-A9535F6DC58F}.Debug|ARM.ActiveCfg = Debug|Any CPU
		{F088FC1D-1FBB-4224-97FA-A9535F6DC58F}.Debug|ARM.Build.0 = Debug|Any CPU
		{F088FC1D-1FBB-4224-97FA-A9535F6DC58F}.Debug|Mixed Platforms.ActiveCfg = Debug|Any CPU
		{F088FC1D-1FBB-4224-97FA-A9535F6DC58F}.Debug|Mixed Platforms.Build.0 = Debug|Any CPU
		{F088FC1D-1FBB-4224-97FA-A9535F6DC58F}.Debug|x64.ActiveCfg = Debug|Any CPU
		{F088FC1D-1FBB-4224-97FA-A9535F6DC58F}.Debug|x64.Build.0 = Debug|Any CPU
		{F088FC1D-1FBB-4224-97FA-A9535F6DC58F}.Debug|x86.ActiveCfg = Debug|Any CPU
		{F088FC1D-1FBB-4224-97FA-A9535F6DC58F}.Debug|x86.Build.0 = Debug|Any CPU
		{F088FC1D-1FBB-4224-97FA-A9535F6DC58F}.Release|Any CPU.ActiveCfg = Release|Any CPU
		{F088FC1D-1FBB-4224-97FA-A9535F6DC58F}.Release|Any CPU.Build.0 = Release|Any CPU
		{F088FC1D-1FBB-4224-97FA-A9535F6DC58F}.Release|ARM.ActiveCfg = Release|Any CPU
		{F088FC1D-1FBB-4224-97FA-A9535F6DC58F}.Release|ARM.Build.0 = Release|Any CPU
		{F088FC1D-1FBB-4224-97FA-A9535F6DC58F}.Release|Mixed Platforms.ActiveCfg = Release|Any CPU
		{F088FC1D-1FBB-4224-97FA-A9535F6DC58F}.Release|Mixed Platforms.Build.0 = Release|Any CPU
		{F088FC1D-1FBB-4224-97FA-A9535F6DC58F}.Release|x64.ActiveCfg = Release|Any CPU
		{F088FC1D-1FBB-4224-97FA-A9535F6DC58F}.Release|x64.Build.0 = Release|Any CPU
		{F088FC1D-1FBB-4224-97FA-A9535F6DC58F}.Release|x86.ActiveCfg = Release|Any CPU
		{F088FC1D-1FBB-4224-97FA-A9535F6DC58F}.Release|x86.Build.0 = Release|Any CPU
		{F088FC1D-1FBB-4224-97FA-A9535F6DC58F}.x86Release|Any CPU.ActiveCfg = Release|Any CPU
		{F088FC1D-1FBB-4224-97FA-A9535F6DC58F}.x86Release|Any CPU.Build.0 = Release|Any CPU
		{F088FC1D-1FBB-4224-97FA-A9535F6DC58F}.x86Release|ARM.ActiveCfg = Release|Any CPU
		{F088FC1D-1FBB-4224-97FA-A9535F6DC58F}.x86Release|ARM.Build.0 = Release|Any CPU
		{F088FC1D-1FBB-4224-97FA-A9535F6DC58F}.x86Release|Mixed Platforms.ActiveCfg = Release|Any CPU
		{F088FC1D-1FBB-4224-97FA-A9535F6DC58F}.x86Release|Mixed Platforms.Build.0 = Release|Any CPU
		{F088FC1D-1FBB-4224-97FA-A9535F6DC58F}.x86Release|x64.ActiveCfg = Release|Any CPU
		{F088FC1D-1FBB-4224-97FA-A9535F6DC58F}.x86Release|x64.Build.0 = Release|Any CPU
		{F088FC1D-1FBB-4224-97FA-A9535F6DC58F}.x86Release|x86.ActiveCfg = Release|Any CPU
		{F088FC1D-1FBB-4224-97FA-A9535F6DC58F}.x86Release|x86.Build.0 = Release|Any CPU
		{3ABA666B-DA74-447D-BF34-3EAA2C48A443}.Debug|Any CPU.ActiveCfg = Debug|Any CPU
		{3ABA666B-DA74-447D-BF34-3EAA2C48A443}.Debug|Any CPU.Build.0 = Debug|Any CPU
		{3ABA666B-DA74-447D-BF34-3EAA2C48A443}.Debug|ARM.ActiveCfg = Debug|Any CPU
		{3ABA666B-DA74-447D-BF34-3EAA2C48A443}.Debug|ARM.Build.0 = Debug|Any CPU
		{3ABA666B-DA74-447D-BF34-3EAA2C48A443}.Debug|Mixed Platforms.ActiveCfg = Debug|Any CPU
		{3ABA666B-DA74-447D-BF34-3EAA2C48A443}.Debug|Mixed Platforms.Build.0 = Debug|Any CPU
		{3ABA666B-DA74-447D-BF34-3EAA2C48A443}.Debug|x64.ActiveCfg = Debug|Any CPU
		{3ABA666B-DA74-447D-BF34-3EAA2C48A443}.Debug|x64.Build.0 = Debug|Any CPU
		{3ABA666B-DA74-447D-BF34-3EAA2C48A443}.Debug|x86.ActiveCfg = Debug|Any CPU
		{3ABA666B-DA74-447D-BF34-3EAA2C48A443}.Debug|x86.Build.0 = Debug|Any CPU
		{3ABA666B-DA74-447D-BF34-3EAA2C48A443}.Release|Any CPU.ActiveCfg = Release|Any CPU
		{3ABA666B-DA74-447D-BF34-3EAA2C48A443}.Release|Any CPU.Build.0 = Release|Any CPU
		{3ABA666B-DA74-447D-BF34-3EAA2C48A443}.Release|ARM.ActiveCfg = Release|Any CPU
		{3ABA666B-DA74-447D-BF34-3EAA2C48A443}.Release|ARM.Build.0 = Release|Any CPU
		{3ABA666B-DA74-447D-BF34-3EAA2C48A443}.Release|Mixed Platforms.ActiveCfg = Release|Any CPU
		{3ABA666B-DA74-447D-BF34-3EAA2C48A443}.Release|Mixed Platforms.Build.0 = Release|Any CPU
		{3ABA666B-DA74-447D-BF34-3EAA2C48A443}.Release|x64.ActiveCfg = Release|Any CPU
		{3ABA666B-DA74-447D-BF34-3EAA2C48A443}.Release|x64.Build.0 = Release|Any CPU
		{3ABA666B-DA74-447D-BF34-3EAA2C48A443}.Release|x86.ActiveCfg = Release|Any CPU
		{3ABA666B-DA74-447D-BF34-3EAA2C48A443}.Release|x86.Build.0 = Release|Any CPU
		{3ABA666B-DA74-447D-BF34-3EAA2C48A443}.x86Release|Any CPU.ActiveCfg = Release|Any CPU
		{3ABA666B-DA74-447D-BF34-3EAA2C48A443}.x86Release|Any CPU.Build.0 = Release|Any CPU
		{3ABA666B-DA74-447D-BF34-3EAA2C48A443}.x86Release|ARM.ActiveCfg = Release|Any CPU
		{3ABA666B-DA74-447D-BF34-3EAA2C48A443}.x86Release|ARM.Build.0 = Release|Any CPU
		{3ABA666B-DA74-447D-BF34-3EAA2C48A443}.x86Release|Mixed Platforms.ActiveCfg = Release|Any CPU
		{3ABA666B-DA74-447D-BF34-3EAA2C48A443}.x86Release|Mixed Platforms.Build.0 = Release|Any CPU
		{3ABA666B-DA74-447D-BF34-3EAA2C48A443}.x86Release|x64.ActiveCfg = Release|Any CPU
		{3ABA666B-DA74-447D-BF34-3EAA2C48A443}.x86Release|x64.Build.0 = Release|Any CPU
		{3ABA666B-DA74-447D-BF34-3EAA2C48A443}.x86Release|x86.ActiveCfg = Release|Any CPU
		{3ABA666B-DA74-447D-BF34-3EAA2C48A443}.x86Release|x86.Build.0 = Release|Any CPU
		{B071314E-BCA3-406A-8DC8-C34910B0C628}.Debug|Any CPU.ActiveCfg = Debug|Any CPU
		{B071314E-BCA3-406A-8DC8-C34910B0C628}.Debug|Any CPU.Build.0 = Debug|Any CPU
		{B071314E-BCA3-406A-8DC8-C34910B0C628}.Debug|ARM.ActiveCfg = Debug|Any CPU
		{B071314E-BCA3-406A-8DC8-C34910B0C628}.Debug|ARM.Build.0 = Debug|Any CPU
		{B071314E-BCA3-406A-8DC8-C34910B0C628}.Debug|Mixed Platforms.ActiveCfg = Debug|Any CPU
		{B071314E-BCA3-406A-8DC8-C34910B0C628}.Debug|Mixed Platforms.Build.0 = Debug|Any CPU
		{B071314E-BCA3-406A-8DC8-C34910B0C628}.Debug|x64.ActiveCfg = Debug|Any CPU
		{B071314E-BCA3-406A-8DC8-C34910B0C628}.Debug|x64.Build.0 = Debug|Any CPU
		{B071314E-BCA3-406A-8DC8-C34910B0C628}.Debug|x86.ActiveCfg = Debug|Any CPU
		{B071314E-BCA3-406A-8DC8-C34910B0C628}.Debug|x86.Build.0 = Debug|Any CPU
		{B071314E-BCA3-406A-8DC8-C34910B0C628}.Release|Any CPU.ActiveCfg = Release|Any CPU
		{B071314E-BCA3-406A-8DC8-C34910B0C628}.Release|Any CPU.Build.0 = Release|Any CPU
		{B071314E-BCA3-406A-8DC8-C34910B0C628}.Release|ARM.ActiveCfg = Release|Any CPU
		{B071314E-BCA3-406A-8DC8-C34910B0C628}.Release|ARM.Build.0 = Release|Any CPU
		{B071314E-BCA3-406A-8DC8-C34910B0C628}.Release|Mixed Platforms.ActiveCfg = Release|Any CPU
		{B071314E-BCA3-406A-8DC8-C34910B0C628}.Release|Mixed Platforms.Build.0 = Release|Any CPU
		{B071314E-BCA3-406A-8DC8-C34910B0C628}.Release|x64.ActiveCfg = Release|Any CPU
		{B071314E-BCA3-406A-8DC8-C34910B0C628}.Release|x64.Build.0 = Release|Any CPU
		{B071314E-BCA3-406A-8DC8-C34910B0C628}.Release|x86.ActiveCfg = Release|Any CPU
		{B071314E-BCA3-406A-8DC8-C34910B0C628}.Release|x86.Build.0 = Release|Any CPU
		{B071314E-BCA3-406A-8DC8-C34910B0C628}.x86Release|Any CPU.ActiveCfg = Release|Any CPU
		{B071314E-BCA3-406A-8DC8-C34910B0C628}.x86Release|Any CPU.Build.0 = Release|Any CPU
		{B071314E-BCA3-406A-8DC8-C34910B0C628}.x86Release|ARM.ActiveCfg = Release|Any CPU
		{B071314E-BCA3-406A-8DC8-C34910B0C628}.x86Release|ARM.Build.0 = Release|Any CPU
		{B071314E-BCA3-406A-8DC8-C34910B0C628}.x86Release|Mixed Platforms.ActiveCfg = Release|Any CPU
		{B071314E-BCA3-406A-8DC8-C34910B0C628}.x86Release|Mixed Platforms.Build.0 = Release|Any CPU
		{B071314E-BCA3-406A-8DC8-C34910B0C628}.x86Release|x64.ActiveCfg = Release|Any CPU
		{B071314E-BCA3-406A-8DC8-C34910B0C628}.x86Release|x64.Build.0 = Release|Any CPU
		{B071314E-BCA3-406A-8DC8-C34910B0C628}.x86Release|x86.ActiveCfg = Release|Any CPU
		{B071314E-BCA3-406A-8DC8-C34910B0C628}.x86Release|x86.Build.0 = Release|Any CPU
		{A7655BA4-706F-4630-BDFC-02DEDE7248CC}.Debug|Any CPU.ActiveCfg = Debug|Any CPU
		{A7655BA4-706F-4630-BDFC-02DEDE7248CC}.Debug|Any CPU.Build.0 = Debug|Any CPU
		{A7655BA4-706F-4630-BDFC-02DEDE7248CC}.Debug|ARM.ActiveCfg = Debug|Any CPU
		{A7655BA4-706F-4630-BDFC-02DEDE7248CC}.Debug|ARM.Build.0 = Debug|Any CPU
		{A7655BA4-706F-4630-BDFC-02DEDE7248CC}.Debug|Mixed Platforms.ActiveCfg = Debug|Any CPU
		{A7655BA4-706F-4630-BDFC-02DEDE7248CC}.Debug|Mixed Platforms.Build.0 = Debug|Any CPU
		{A7655BA4-706F-4630-BDFC-02DEDE7248CC}.Debug|x64.ActiveCfg = Debug|Any CPU
		{A7655BA4-706F-4630-BDFC-02DEDE7248CC}.Debug|x64.Build.0 = Debug|Any CPU
		{A7655BA4-706F-4630-BDFC-02DEDE7248CC}.Debug|x86.ActiveCfg = Debug|Any CPU
		{A7655BA4-706F-4630-BDFC-02DEDE7248CC}.Debug|x86.Build.0 = Debug|Any CPU
		{A7655BA4-706F-4630-BDFC-02DEDE7248CC}.Release|Any CPU.ActiveCfg = Release|Any CPU
		{A7655BA4-706F-4630-BDFC-02DEDE7248CC}.Release|Any CPU.Build.0 = Release|Any CPU
		{A7655BA4-706F-4630-BDFC-02DEDE7248CC}.Release|ARM.ActiveCfg = Release|Any CPU
		{A7655BA4-706F-4630-BDFC-02DEDE7248CC}.Release|ARM.Build.0 = Release|Any CPU
		{A7655BA4-706F-4630-BDFC-02DEDE7248CC}.Release|Mixed Platforms.ActiveCfg = Release|Any CPU
		{A7655BA4-706F-4630-BDFC-02DEDE7248CC}.Release|Mixed Platforms.Build.0 = Release|Any CPU
		{A7655BA4-706F-4630-BDFC-02DEDE7248CC}.Release|x64.ActiveCfg = Release|Any CPU
		{A7655BA4-706F-4630-BDFC-02DEDE7248CC}.Release|x64.Build.0 = Release|Any CPU
		{A7655BA4-706F-4630-BDFC-02DEDE7248CC}.Release|x86.ActiveCfg = Release|Any CPU
		{A7655BA4-706F-4630-BDFC-02DEDE7248CC}.Release|x86.Build.0 = Release|Any CPU
		{A7655BA4-706F-4630-BDFC-02DEDE7248CC}.x86Release|Any CPU.ActiveCfg = Release|Any CPU
		{A7655BA4-706F-4630-BDFC-02DEDE7248CC}.x86Release|Any CPU.Build.0 = Release|Any CPU
		{A7655BA4-706F-4630-BDFC-02DEDE7248CC}.x86Release|ARM.ActiveCfg = Release|Any CPU
		{A7655BA4-706F-4630-BDFC-02DEDE7248CC}.x86Release|ARM.Build.0 = Release|Any CPU
		{A7655BA4-706F-4630-BDFC-02DEDE7248CC}.x86Release|Mixed Platforms.ActiveCfg = Release|Any CPU
		{A7655BA4-706F-4630-BDFC-02DEDE7248CC}.x86Release|Mixed Platforms.Build.0 = Release|Any CPU
		{A7655BA4-706F-4630-BDFC-02DEDE7248CC}.x86Release|x64.ActiveCfg = Release|Any CPU
		{A7655BA4-706F-4630-BDFC-02DEDE7248CC}.x86Release|x64.Build.0 = Release|Any CPU
		{A7655BA4-706F-4630-BDFC-02DEDE7248CC}.x86Release|x86.ActiveCfg = Release|Any CPU
		{A7655BA4-706F-4630-BDFC-02DEDE7248CC}.x86Release|x86.Build.0 = Release|Any CPU
		{5DA82320-D5BD-408F-B915-C72EB6A52B91}.Debug|Any CPU.ActiveCfg = Debug|Any CPU
		{5DA82320-D5BD-408F-B915-C72EB6A52B91}.Debug|Any CPU.Build.0 = Debug|Any CPU
		{5DA82320-D5BD-408F-B915-C72EB6A52B91}.Debug|ARM.ActiveCfg = Debug|Any CPU
		{5DA82320-D5BD-408F-B915-C72EB6A52B91}.Debug|ARM.Build.0 = Debug|Any CPU
		{5DA82320-D5BD-408F-B915-C72EB6A52B91}.Debug|Mixed Platforms.ActiveCfg = Debug|Any CPU
		{5DA82320-D5BD-408F-B915-C72EB6A52B91}.Debug|Mixed Platforms.Build.0 = Debug|Any CPU
		{5DA82320-D5BD-408F-B915-C72EB6A52B91}.Debug|x64.ActiveCfg = Debug|Any CPU
		{5DA82320-D5BD-408F-B915-C72EB6A52B91}.Debug|x64.Build.0 = Debug|Any CPU
		{5DA82320-D5BD-408F-B915-C72EB6A52B91}.Debug|x86.ActiveCfg = Debug|Any CPU
		{5DA82320-D5BD-408F-B915-C72EB6A52B91}.Debug|x86.Build.0 = Debug|Any CPU
		{5DA82320-D5BD-408F-B915-C72EB6A52B91}.Release|Any CPU.ActiveCfg = Release|Any CPU
		{5DA82320-D5BD-408F-B915-C72EB6A52B91}.Release|Any CPU.Build.0 = Release|Any CPU
		{5DA82320-D5BD-408F-B915-C72EB6A52B91}.Release|ARM.ActiveCfg = Release|Any CPU
		{5DA82320-D5BD-408F-B915-C72EB6A52B91}.Release|ARM.Build.0 = Release|Any CPU
		{5DA82320-D5BD-408F-B915-C72EB6A52B91}.Release|Mixed Platforms.ActiveCfg = Release|Any CPU
		{5DA82320-D5BD-408F-B915-C72EB6A52B91}.Release|Mixed Platforms.Build.0 = Release|Any CPU
		{5DA82320-D5BD-408F-B915-C72EB6A52B91}.Release|x64.ActiveCfg = Release|Any CPU
		{5DA82320-D5BD-408F-B915-C72EB6A52B91}.Release|x64.Build.0 = Release|Any CPU
		{5DA82320-D5BD-408F-B915-C72EB6A52B91}.Release|x86.ActiveCfg = Release|Any CPU
		{5DA82320-D5BD-408F-B915-C72EB6A52B91}.Release|x86.Build.0 = Release|Any CPU
		{5DA82320-D5BD-408F-B915-C72EB6A52B91}.x86Release|Any CPU.ActiveCfg = Release|Any CPU
		{5DA82320-D5BD-408F-B915-C72EB6A52B91}.x86Release|Any CPU.Build.0 = Release|Any CPU
		{5DA82320-D5BD-408F-B915-C72EB6A52B91}.x86Release|ARM.ActiveCfg = Release|Any CPU
		{5DA82320-D5BD-408F-B915-C72EB6A52B91}.x86Release|ARM.Build.0 = Release|Any CPU
		{5DA82320-D5BD-408F-B915-C72EB6A52B91}.x86Release|Mixed Platforms.ActiveCfg = Release|Any CPU
		{5DA82320-D5BD-408F-B915-C72EB6A52B91}.x86Release|Mixed Platforms.Build.0 = Release|Any CPU
		{5DA82320-D5BD-408F-B915-C72EB6A52B91}.x86Release|x64.ActiveCfg = Release|Any CPU
		{5DA82320-D5BD-408F-B915-C72EB6A52B91}.x86Release|x64.Build.0 = Release|Any CPU
		{5DA82320-D5BD-408F-B915-C72EB6A52B91}.x86Release|x86.ActiveCfg = Release|Any CPU
		{5DA82320-D5BD-408F-B915-C72EB6A52B91}.x86Release|x86.Build.0 = Release|Any CPU
		{25B4F89F-0344-4B0F-8DC0-6E32D2E84BA3}.Debug|Any CPU.ActiveCfg = Debug|Any CPU
		{25B4F89F-0344-4B0F-8DC0-6E32D2E84BA3}.Debug|Any CPU.Build.0 = Debug|Any CPU
		{25B4F89F-0344-4B0F-8DC0-6E32D2E84BA3}.Debug|ARM.ActiveCfg = Debug|Any CPU
		{25B4F89F-0344-4B0F-8DC0-6E32D2E84BA3}.Debug|ARM.Build.0 = Debug|Any CPU
		{25B4F89F-0344-4B0F-8DC0-6E32D2E84BA3}.Debug|Mixed Platforms.ActiveCfg = Debug|Any CPU
		{25B4F89F-0344-4B0F-8DC0-6E32D2E84BA3}.Debug|Mixed Platforms.Build.0 = Debug|Any CPU
		{25B4F89F-0344-4B0F-8DC0-6E32D2E84BA3}.Debug|x64.ActiveCfg = Debug|Any CPU
		{25B4F89F-0344-4B0F-8DC0-6E32D2E84BA3}.Debug|x64.Build.0 = Debug|Any CPU
		{25B4F89F-0344-4B0F-8DC0-6E32D2E84BA3}.Debug|x86.ActiveCfg = Debug|Any CPU
		{25B4F89F-0344-4B0F-8DC0-6E32D2E84BA3}.Debug|x86.Build.0 = Debug|Any CPU
		{25B4F89F-0344-4B0F-8DC0-6E32D2E84BA3}.Release|Any CPU.ActiveCfg = Release|Any CPU
		{25B4F89F-0344-4B0F-8DC0-6E32D2E84BA3}.Release|Any CPU.Build.0 = Release|Any CPU
		{25B4F89F-0344-4B0F-8DC0-6E32D2E84BA3}.Release|ARM.ActiveCfg = Release|Any CPU
		{25B4F89F-0344-4B0F-8DC0-6E32D2E84BA3}.Release|ARM.Build.0 = Release|Any CPU
		{25B4F89F-0344-4B0F-8DC0-6E32D2E84BA3}.Release|Mixed Platforms.ActiveCfg = Release|Any CPU
		{25B4F89F-0344-4B0F-8DC0-6E32D2E84BA3}.Release|Mixed Platforms.Build.0 = Release|Any CPU
		{25B4F89F-0344-4B0F-8DC0-6E32D2E84BA3}.Release|x64.ActiveCfg = Release|Any CPU
		{25B4F89F-0344-4B0F-8DC0-6E32D2E84BA3}.Release|x64.Build.0 = Release|Any CPU
		{25B4F89F-0344-4B0F-8DC0-6E32D2E84BA3}.Release|x86.ActiveCfg = Release|Any CPU
		{25B4F89F-0344-4B0F-8DC0-6E32D2E84BA3}.Release|x86.Build.0 = Release|Any CPU
		{25B4F89F-0344-4B0F-8DC0-6E32D2E84BA3}.x86Release|Any CPU.ActiveCfg = Release|Any CPU
		{25B4F89F-0344-4B0F-8DC0-6E32D2E84BA3}.x86Release|Any CPU.Build.0 = Release|Any CPU
		{25B4F89F-0344-4B0F-8DC0-6E32D2E84BA3}.x86Release|ARM.ActiveCfg = Release|Any CPU
		{25B4F89F-0344-4B0F-8DC0-6E32D2E84BA3}.x86Release|ARM.Build.0 = Release|Any CPU
		{25B4F89F-0344-4B0F-8DC0-6E32D2E84BA3}.x86Release|Mixed Platforms.ActiveCfg = Release|Any CPU
		{25B4F89F-0344-4B0F-8DC0-6E32D2E84BA3}.x86Release|Mixed Platforms.Build.0 = Release|Any CPU
		{25B4F89F-0344-4B0F-8DC0-6E32D2E84BA3}.x86Release|x64.ActiveCfg = Release|Any CPU
		{25B4F89F-0344-4B0F-8DC0-6E32D2E84BA3}.x86Release|x64.Build.0 = Release|Any CPU
		{25B4F89F-0344-4B0F-8DC0-6E32D2E84BA3}.x86Release|x86.ActiveCfg = Release|Any CPU
		{25B4F89F-0344-4B0F-8DC0-6E32D2E84BA3}.x86Release|x86.Build.0 = Release|Any CPU
		{87D7AC41-7225-477E-B854-A58A196EC4E7}.Debug|Any CPU.ActiveCfg = Debug|Any CPU
		{87D7AC41-7225-477E-B854-A58A196EC4E7}.Debug|Any CPU.Build.0 = Debug|Any CPU
		{87D7AC41-7225-477E-B854-A58A196EC4E7}.Debug|ARM.ActiveCfg = Debug|Any CPU
		{87D7AC41-7225-477E-B854-A58A196EC4E7}.Debug|ARM.Build.0 = Debug|Any CPU
		{87D7AC41-7225-477E-B854-A58A196EC4E7}.Debug|Mixed Platforms.ActiveCfg = Debug|Any CPU
		{87D7AC41-7225-477E-B854-A58A196EC4E7}.Debug|Mixed Platforms.Build.0 = Debug|Any CPU
		{87D7AC41-7225-477E-B854-A58A196EC4E7}.Debug|x64.ActiveCfg = Debug|Any CPU
		{87D7AC41-7225-477E-B854-A58A196EC4E7}.Debug|x64.Build.0 = Debug|Any CPU
		{87D7AC41-7225-477E-B854-A58A196EC4E7}.Debug|x86.ActiveCfg = Debug|Any CPU
		{87D7AC41-7225-477E-B854-A58A196EC4E7}.Debug|x86.Build.0 = Debug|Any CPU
		{87D7AC41-7225-477E-B854-A58A196EC4E7}.Release|Any CPU.ActiveCfg = Release|Any CPU
		{87D7AC41-7225-477E-B854-A58A196EC4E7}.Release|Any CPU.Build.0 = Release|Any CPU
		{87D7AC41-7225-477E-B854-A58A196EC4E7}.Release|ARM.ActiveCfg = Release|Any CPU
		{87D7AC41-7225-477E-B854-A58A196EC4E7}.Release|ARM.Build.0 = Release|Any CPU
		{87D7AC41-7225-477E-B854-A58A196EC4E7}.Release|Mixed Platforms.ActiveCfg = Release|Any CPU
		{87D7AC41-7225-477E-B854-A58A196EC4E7}.Release|Mixed Platforms.Build.0 = Release|Any CPU
		{87D7AC41-7225-477E-B854-A58A196EC4E7}.Release|x64.ActiveCfg = Release|Any CPU
		{87D7AC41-7225-477E-B854-A58A196EC4E7}.Release|x64.Build.0 = Release|Any CPU
		{87D7AC41-7225-477E-B854-A58A196EC4E7}.Release|x86.ActiveCfg = Release|Any CPU
		{87D7AC41-7225-477E-B854-A58A196EC4E7}.Release|x86.Build.0 = Release|Any CPU
		{87D7AC41-7225-477E-B854-A58A196EC4E7}.x86Release|Any CPU.ActiveCfg = Release|Any CPU
		{87D7AC41-7225-477E-B854-A58A196EC4E7}.x86Release|Any CPU.Build.0 = Release|Any CPU
		{87D7AC41-7225-477E-B854-A58A196EC4E7}.x86Release|ARM.ActiveCfg = Release|Any CPU
		{87D7AC41-7225-477E-B854-A58A196EC4E7}.x86Release|ARM.Build.0 = Release|Any CPU
		{87D7AC41-7225-477E-B854-A58A196EC4E7}.x86Release|Mixed Platforms.ActiveCfg = Release|Any CPU
		{87D7AC41-7225-477E-B854-A58A196EC4E7}.x86Release|Mixed Platforms.Build.0 = Release|Any CPU
		{87D7AC41-7225-477E-B854-A58A196EC4E7}.x86Release|x64.ActiveCfg = Release|Any CPU
		{87D7AC41-7225-477E-B854-A58A196EC4E7}.x86Release|x64.Build.0 = Release|Any CPU
		{87D7AC41-7225-477E-B854-A58A196EC4E7}.x86Release|x86.ActiveCfg = Release|Any CPU
		{87D7AC41-7225-477E-B854-A58A196EC4E7}.x86Release|x86.Build.0 = Release|Any CPU
		{94AE24E5-4B58-4080-9231-ACD209D4290E}.Debug|Any CPU.ActiveCfg = Debug|Any CPU
		{94AE24E5-4B58-4080-9231-ACD209D4290E}.Debug|Any CPU.Build.0 = Debug|Any CPU
		{94AE24E5-4B58-4080-9231-ACD209D4290E}.Debug|ARM.ActiveCfg = Debug|Any CPU
		{94AE24E5-4B58-4080-9231-ACD209D4290E}.Debug|ARM.Build.0 = Debug|Any CPU
		{94AE24E5-4B58-4080-9231-ACD209D4290E}.Debug|Mixed Platforms.ActiveCfg = Debug|Any CPU
		{94AE24E5-4B58-4080-9231-ACD209D4290E}.Debug|Mixed Platforms.Build.0 = Debug|Any CPU
		{94AE24E5-4B58-4080-9231-ACD209D4290E}.Debug|x64.ActiveCfg = Debug|Any CPU
		{94AE24E5-4B58-4080-9231-ACD209D4290E}.Debug|x64.Build.0 = Debug|Any CPU
		{94AE24E5-4B58-4080-9231-ACD209D4290E}.Debug|x86.ActiveCfg = Debug|Any CPU
		{94AE24E5-4B58-4080-9231-ACD209D4290E}.Debug|x86.Build.0 = Debug|Any CPU
		{94AE24E5-4B58-4080-9231-ACD209D4290E}.Release|Any CPU.ActiveCfg = Release|Any CPU
		{94AE24E5-4B58-4080-9231-ACD209D4290E}.Release|Any CPU.Build.0 = Release|Any CPU
		{94AE24E5-4B58-4080-9231-ACD209D4290E}.Release|ARM.ActiveCfg = Release|Any CPU
		{94AE24E5-4B58-4080-9231-ACD209D4290E}.Release|ARM.Build.0 = Release|Any CPU
		{94AE24E5-4B58-4080-9231-ACD209D4290E}.Release|Mixed Platforms.ActiveCfg = Release|Any CPU
		{94AE24E5-4B58-4080-9231-ACD209D4290E}.Release|Mixed Platforms.Build.0 = Release|Any CPU
		{94AE24E5-4B58-4080-9231-ACD209D4290E}.Release|x64.ActiveCfg = Release|Any CPU
		{94AE24E5-4B58-4080-9231-ACD209D4290E}.Release|x64.Build.0 = Release|Any CPU
		{94AE24E5-4B58-4080-9231-ACD209D4290E}.Release|x86.ActiveCfg = Release|Any CPU
		{94AE24E5-4B58-4080-9231-ACD209D4290E}.Release|x86.Build.0 = Release|Any CPU
		{94AE24E5-4B58-4080-9231-ACD209D4290E}.x86Release|Any CPU.ActiveCfg = Release|Any CPU
		{94AE24E5-4B58-4080-9231-ACD209D4290E}.x86Release|Any CPU.Build.0 = Release|Any CPU
		{94AE24E5-4B58-4080-9231-ACD209D4290E}.x86Release|ARM.ActiveCfg = Release|Any CPU
		{94AE24E5-4B58-4080-9231-ACD209D4290E}.x86Release|ARM.Build.0 = Release|Any CPU
		{94AE24E5-4B58-4080-9231-ACD209D4290E}.x86Release|Mixed Platforms.ActiveCfg = Release|Any CPU
		{94AE24E5-4B58-4080-9231-ACD209D4290E}.x86Release|Mixed Platforms.Build.0 = Release|Any CPU
		{94AE24E5-4B58-4080-9231-ACD209D4290E}.x86Release|x64.ActiveCfg = Release|Any CPU
		{94AE24E5-4B58-4080-9231-ACD209D4290E}.x86Release|x64.Build.0 = Release|Any CPU
		{94AE24E5-4B58-4080-9231-ACD209D4290E}.x86Release|x86.ActiveCfg = Release|Any CPU
		{94AE24E5-4B58-4080-9231-ACD209D4290E}.x86Release|x86.Build.0 = Release|Any CPU
		{981B5BF3-5BAE-45B3-9123-631CD3BAB337}.Debug|Any CPU.ActiveCfg = Debug|Any CPU
		{981B5BF3-5BAE-45B3-9123-631CD3BAB337}.Debug|Any CPU.Build.0 = Debug|Any CPU
		{981B5BF3-5BAE-45B3-9123-631CD3BAB337}.Debug|ARM.ActiveCfg = Debug|Any CPU
		{981B5BF3-5BAE-45B3-9123-631CD3BAB337}.Debug|ARM.Build.0 = Debug|Any CPU
		{981B5BF3-5BAE-45B3-9123-631CD3BAB337}.Debug|Mixed Platforms.ActiveCfg = Debug|Any CPU
		{981B5BF3-5BAE-45B3-9123-631CD3BAB337}.Debug|Mixed Platforms.Build.0 = Debug|Any CPU
		{981B5BF3-5BAE-45B3-9123-631CD3BAB337}.Debug|x64.ActiveCfg = Debug|Any CPU
		{981B5BF3-5BAE-45B3-9123-631CD3BAB337}.Debug|x64.Build.0 = Debug|Any CPU
		{981B5BF3-5BAE-45B3-9123-631CD3BAB337}.Debug|x86.ActiveCfg = Debug|Any CPU
		{981B5BF3-5BAE-45B3-9123-631CD3BAB337}.Debug|x86.Build.0 = Debug|Any CPU
		{981B5BF3-5BAE-45B3-9123-631CD3BAB337}.Release|Any CPU.ActiveCfg = Release|Any CPU
		{981B5BF3-5BAE-45B3-9123-631CD3BAB337}.Release|Any CPU.Build.0 = Release|Any CPU
		{981B5BF3-5BAE-45B3-9123-631CD3BAB337}.Release|ARM.ActiveCfg = Release|Any CPU
		{981B5BF3-5BAE-45B3-9123-631CD3BAB337}.Release|ARM.Build.0 = Release|Any CPU
		{981B5BF3-5BAE-45B3-9123-631CD3BAB337}.Release|Mixed Platforms.ActiveCfg = Release|Any CPU
		{981B5BF3-5BAE-45B3-9123-631CD3BAB337}.Release|Mixed Platforms.Build.0 = Release|Any CPU
		{981B5BF3-5BAE-45B3-9123-631CD3BAB337}.Release|x64.ActiveCfg = Release|Any CPU
		{981B5BF3-5BAE-45B3-9123-631CD3BAB337}.Release|x64.Build.0 = Release|Any CPU
		{981B5BF3-5BAE-45B3-9123-631CD3BAB337}.Release|x86.ActiveCfg = Release|Any CPU
		{981B5BF3-5BAE-45B3-9123-631CD3BAB337}.Release|x86.Build.0 = Release|Any CPU
		{981B5BF3-5BAE-45B3-9123-631CD3BAB337}.x86Release|Any CPU.ActiveCfg = Release|Any CPU
		{981B5BF3-5BAE-45B3-9123-631CD3BAB337}.x86Release|Any CPU.Build.0 = Release|Any CPU
		{981B5BF3-5BAE-45B3-9123-631CD3BAB337}.x86Release|ARM.ActiveCfg = Release|Any CPU
		{981B5BF3-5BAE-45B3-9123-631CD3BAB337}.x86Release|ARM.Build.0 = Release|Any CPU
		{981B5BF3-5BAE-45B3-9123-631CD3BAB337}.x86Release|Mixed Platforms.ActiveCfg = Release|Any CPU
		{981B5BF3-5BAE-45B3-9123-631CD3BAB337}.x86Release|Mixed Platforms.Build.0 = Release|Any CPU
		{981B5BF3-5BAE-45B3-9123-631CD3BAB337}.x86Release|x64.ActiveCfg = Release|Any CPU
		{981B5BF3-5BAE-45B3-9123-631CD3BAB337}.x86Release|x64.Build.0 = Release|Any CPU
		{981B5BF3-5BAE-45B3-9123-631CD3BAB337}.x86Release|x86.ActiveCfg = Release|Any CPU
		{981B5BF3-5BAE-45B3-9123-631CD3BAB337}.x86Release|x86.Build.0 = Release|Any CPU
		{56A551B8-AC09-46B7-9AA0-655CB1C6520F}.Debug|Any CPU.ActiveCfg = Debug|Any CPU
		{56A551B8-AC09-46B7-9AA0-655CB1C6520F}.Debug|Any CPU.Build.0 = Debug|Any CPU
		{56A551B8-AC09-46B7-9AA0-655CB1C6520F}.Debug|ARM.ActiveCfg = Debug|Any CPU
		{56A551B8-AC09-46B7-9AA0-655CB1C6520F}.Debug|ARM.Build.0 = Debug|Any CPU
		{56A551B8-AC09-46B7-9AA0-655CB1C6520F}.Debug|Mixed Platforms.ActiveCfg = Debug|Any CPU
		{56A551B8-AC09-46B7-9AA0-655CB1C6520F}.Debug|Mixed Platforms.Build.0 = Debug|Any CPU
		{56A551B8-AC09-46B7-9AA0-655CB1C6520F}.Debug|x64.ActiveCfg = Debug|Any CPU
		{56A551B8-AC09-46B7-9AA0-655CB1C6520F}.Debug|x64.Build.0 = Debug|Any CPU
		{56A551B8-AC09-46B7-9AA0-655CB1C6520F}.Debug|x86.ActiveCfg = Debug|Any CPU
		{56A551B8-AC09-46B7-9AA0-655CB1C6520F}.Debug|x86.Build.0 = Debug|Any CPU
		{56A551B8-AC09-46B7-9AA0-655CB1C6520F}.Release|Any CPU.ActiveCfg = Release|Any CPU
		{56A551B8-AC09-46B7-9AA0-655CB1C6520F}.Release|Any CPU.Build.0 = Release|Any CPU
		{56A551B8-AC09-46B7-9AA0-655CB1C6520F}.Release|ARM.ActiveCfg = Release|Any CPU
		{56A551B8-AC09-46B7-9AA0-655CB1C6520F}.Release|ARM.Build.0 = Release|Any CPU
		{56A551B8-AC09-46B7-9AA0-655CB1C6520F}.Release|Mixed Platforms.ActiveCfg = Release|Any CPU
		{56A551B8-AC09-46B7-9AA0-655CB1C6520F}.Release|Mixed Platforms.Build.0 = Release|Any CPU
		{56A551B8-AC09-46B7-9AA0-655CB1C6520F}.Release|x64.ActiveCfg = Release|Any CPU
		{56A551B8-AC09-46B7-9AA0-655CB1C6520F}.Release|x64.Build.0 = Release|Any CPU
		{56A551B8-AC09-46B7-9AA0-655CB1C6520F}.Release|x86.ActiveCfg = Release|Any CPU
		{56A551B8-AC09-46B7-9AA0-655CB1C6520F}.Release|x86.Build.0 = Release|Any CPU
		{56A551B8-AC09-46B7-9AA0-655CB1C6520F}.x86Release|Any CPU.ActiveCfg = Release|Any CPU
		{56A551B8-AC09-46B7-9AA0-655CB1C6520F}.x86Release|Any CPU.Build.0 = Release|Any CPU
		{56A551B8-AC09-46B7-9AA0-655CB1C6520F}.x86Release|ARM.ActiveCfg = Release|Any CPU
		{56A551B8-AC09-46B7-9AA0-655CB1C6520F}.x86Release|ARM.Build.0 = Release|Any CPU
		{56A551B8-AC09-46B7-9AA0-655CB1C6520F}.x86Release|Mixed Platforms.ActiveCfg = Release|Any CPU
		{56A551B8-AC09-46B7-9AA0-655CB1C6520F}.x86Release|Mixed Platforms.Build.0 = Release|Any CPU
		{56A551B8-AC09-46B7-9AA0-655CB1C6520F}.x86Release|x64.ActiveCfg = Release|Any CPU
		{56A551B8-AC09-46B7-9AA0-655CB1C6520F}.x86Release|x64.Build.0 = Release|Any CPU
		{56A551B8-AC09-46B7-9AA0-655CB1C6520F}.x86Release|x86.ActiveCfg = Release|Any CPU
		{56A551B8-AC09-46B7-9AA0-655CB1C6520F}.x86Release|x86.Build.0 = Release|Any CPU
		{389AF837-ADF0-430E-A62D-87C93B8B63CF}.Debug|Any CPU.ActiveCfg = Debug|Any CPU
		{389AF837-ADF0-430E-A62D-87C93B8B63CF}.Debug|Any CPU.Build.0 = Debug|Any CPU
		{389AF837-ADF0-430E-A62D-87C93B8B63CF}.Debug|ARM.ActiveCfg = Debug|Any CPU
		{389AF837-ADF0-430E-A62D-87C93B8B63CF}.Debug|ARM.Build.0 = Debug|Any CPU
		{389AF837-ADF0-430E-A62D-87C93B8B63CF}.Debug|Mixed Platforms.ActiveCfg = Debug|Any CPU
		{389AF837-ADF0-430E-A62D-87C93B8B63CF}.Debug|Mixed Platforms.Build.0 = Debug|Any CPU
		{389AF837-ADF0-430E-A62D-87C93B8B63CF}.Debug|x64.ActiveCfg = Debug|Any CPU
		{389AF837-ADF0-430E-A62D-87C93B8B63CF}.Debug|x64.Build.0 = Debug|Any CPU
		{389AF837-ADF0-430E-A62D-87C93B8B63CF}.Debug|x86.ActiveCfg = Debug|Any CPU
		{389AF837-ADF0-430E-A62D-87C93B8B63CF}.Debug|x86.Build.0 = Debug|Any CPU
		{389AF837-ADF0-430E-A62D-87C93B8B63CF}.Release|Any CPU.ActiveCfg = Release|Any CPU
		{389AF837-ADF0-430E-A62D-87C93B8B63CF}.Release|Any CPU.Build.0 = Release|Any CPU
		{389AF837-ADF0-430E-A62D-87C93B8B63CF}.Release|ARM.ActiveCfg = Release|Any CPU
		{389AF837-ADF0-430E-A62D-87C93B8B63CF}.Release|ARM.Build.0 = Release|Any CPU
		{389AF837-ADF0-430E-A62D-87C93B8B63CF}.Release|Mixed Platforms.ActiveCfg = Release|Any CPU
		{389AF837-ADF0-430E-A62D-87C93B8B63CF}.Release|Mixed Platforms.Build.0 = Release|Any CPU
		{389AF837-ADF0-430E-A62D-87C93B8B63CF}.Release|x64.ActiveCfg = Release|Any CPU
		{389AF837-ADF0-430E-A62D-87C93B8B63CF}.Release|x64.Build.0 = Release|Any CPU
		{389AF837-ADF0-430E-A62D-87C93B8B63CF}.Release|x86.ActiveCfg = Release|Any CPU
		{389AF837-ADF0-430E-A62D-87C93B8B63CF}.Release|x86.Build.0 = Release|Any CPU
		{389AF837-ADF0-430E-A62D-87C93B8B63CF}.x86Release|Any CPU.ActiveCfg = Release|Any CPU
		{389AF837-ADF0-430E-A62D-87C93B8B63CF}.x86Release|Any CPU.Build.0 = Release|Any CPU
		{389AF837-ADF0-430E-A62D-87C93B8B63CF}.x86Release|ARM.ActiveCfg = Release|Any CPU
		{389AF837-ADF0-430E-A62D-87C93B8B63CF}.x86Release|ARM.Build.0 = Release|Any CPU
		{389AF837-ADF0-430E-A62D-87C93B8B63CF}.x86Release|Mixed Platforms.ActiveCfg = Release|Any CPU
		{389AF837-ADF0-430E-A62D-87C93B8B63CF}.x86Release|Mixed Platforms.Build.0 = Release|Any CPU
		{389AF837-ADF0-430E-A62D-87C93B8B63CF}.x86Release|x64.ActiveCfg = Release|Any CPU
		{389AF837-ADF0-430E-A62D-87C93B8B63CF}.x86Release|x64.Build.0 = Release|Any CPU
		{389AF837-ADF0-430E-A62D-87C93B8B63CF}.x86Release|x86.ActiveCfg = Release|Any CPU
		{389AF837-ADF0-430E-A62D-87C93B8B63CF}.x86Release|x86.Build.0 = Release|Any CPU
	EndGlobalSection
	GlobalSection(SolutionProperties) = preSolution
		HideSolutionNode = FALSE
	EndGlobalSection
	GlobalSection(NestedProjects) = preSolution
		{6F6DC5D2-85EF-4BB5-82FA-BD21F7AA3053} = {1ADED311-8DD6-46F0-9F45-ADE3C39E2CE8}
		{0AF9F7A3-6AAB-46A5-B3E8-45940AE26E5B} = {1ADED311-8DD6-46F0-9F45-ADE3C39E2CE8}
		{0C9FD8F0-2C65-49E7-86EC-F135E56EC846} = {E21035B7-74A2-46E6-8A3E-C9850F96C9CF}
		{675EE1A7-84FE-47E4-968F-1E3D43C8C019} = {E21035B7-74A2-46E6-8A3E-C9850F96C9CF}
		{80D6ECF6-10DE-4B9E-9CD7-9B597610C482} = {E21035B7-74A2-46E6-8A3E-C9850F96C9CF}
		{0D626DDA-02C0-4BD8-B2FD-EFEE0971510F} = {1ADED311-8DD6-46F0-9F45-ADE3C39E2CE8}
		{2162E0EC-B6B5-443A-B3FC-C3890934727F} = {BE231990-D6EE-49BC-86F9-13A63582B083}
		{9D2F25F6-E750-4BFC-94B8-B0348B71DE53} = {BE231990-D6EE-49BC-86F9-13A63582B083}
		{F088FC1D-1FBB-4224-97FA-A9535F6DC58F} = {BE231990-D6EE-49BC-86F9-13A63582B083}
		{3ABA666B-DA74-447D-BF34-3EAA2C48A443} = {6AF0DC83-01E9-497B-AB27-EB3066169869}
		{B071314E-BCA3-406A-8DC8-C34910B0C628} = {6AF0DC83-01E9-497B-AB27-EB3066169869}
		{A7655BA4-706F-4630-BDFC-02DEDE7248CC} = {6AF0DC83-01E9-497B-AB27-EB3066169869}
		{5DA82320-D5BD-408F-B915-C72EB6A52B91} = {6AF0DC83-01E9-497B-AB27-EB3066169869}
		{25B4F89F-0344-4B0F-8DC0-6E32D2E84BA3} = {6AF0DC83-01E9-497B-AB27-EB3066169869}
		{87D7AC41-7225-477E-B854-A58A196EC4E7} = {6AF0DC83-01E9-497B-AB27-EB3066169869}
		{94AE24E5-4B58-4080-9231-ACD209D4290E} = {BE231990-D6EE-49BC-86F9-13A63582B083}
		{981B5BF3-5BAE-45B3-9123-631CD3BAB337} = {6AF0DC83-01E9-497B-AB27-EB3066169869}
		{56A551B8-AC09-46B7-9AA0-655CB1C6520F} = {6AF0DC83-01E9-497B-AB27-EB3066169869}
		{389AF837-ADF0-430E-A62D-87C93B8B63CF} = {BE231990-D6EE-49BC-86F9-13A63582B083}
	EndGlobalSection
	GlobalSection(ExtensibilityGlobals) = postSolution
		SolutionGuid = {EB44A344-9DB9-4820-B192-FA744EF956ED}
	EndGlobalSection
EndGlobal
